
Microsoft Visual Studio Solution File, Format Version 12.00
# Visual Studio 2012
Project("{FAE04EC0-301F-11D3-BF4B-00C04F79EFBC}") = "ChimpRewriterAPISample", "ChimpRewriterAPISample\ChimpRewriterAPISample.csproj", "{FFB264CD-C55D-4B2C-826D-5E4565B06049}"
EndProject
Project("{FAE04EC0-301F-11D3-BF4B-00C04F79EFBC}") = "ChimpRewriterAPI", "ChimpRewriterAPI\ChimpRewriterAPI.csproj", "{2F4E05E6-B9A8-4A95-A482-43A78B42B74B}"
EndProject
Project("{2150E333-8FDC-42A3-9474-1A3956D46DE8}") = "Solution Items", "Solution Items", "{8E9E84DA-CBAA-48A2-85A2-3E87884F612F}"
EndProject
Global
	GlobalSection(SolutionConfigurationPlatforms) = preSolution
		Debug|Any CPU = Debug|Any CPU
		Debug|Mixed Platforms = Debug|Mixed Platforms
		Debug|x86 = Debug|x86
		Release|Any CPU = Release|Any CPU
		Release|Mixed Platforms = Release|Mixed Platforms
		Release|x86 = Release|x86
	EndGlobalSection
	GlobalSection(ProjectConfigurationPlatforms) = postSolution
		{FFB264CD-C55D-4B2C-826D-5E4565B06049}.Debug|Any CPU.ActiveCfg = Debug|x86
		{FFB264CD-C55D-4B2C-826D-5E4565B06049}.Debug|Mixed Platforms.ActiveCfg = Debug|x86
		{FFB264CD-C55D-4B2C-826D-5E4565B06049}.Debug|Mixed Platforms.Build.0 = Debug|x86
		{FFB264CD-C55D-4B2C-826D-5E4565B06049}.Debug|x86.ActiveCfg = Debug|x86
		{FFB264CD-C55D-4B2C-826D-5E4565B06049}.Debug|x86.Build.0 = Debug|x86
		{FFB264CD-C55D-4B2C-826D-5E4565B06049}.Release|Any CPU.ActiveCfg = Release|x86
		{FFB264CD-C55D-4B2C-826D-5E4565B06049}.Release|Mixed Platforms.ActiveCfg = Release|x86
		{FFB264CD-C55D-4B2C-826D-5E4565B06049}.Release|Mixed Platforms.Build.0 = Release|x86
		{FFB264CD-C55D-4B2C-826D-5E4565B06049}.Release|x86.ActiveCfg = Release|x86
		{FFB264CD-C55D-4B2C-826D-5E4565B06049}.Release|x86.Build.0 = Release|x86
		{2F4E05E6-B9A8-4A95-A482-43A78B42B74B}.Debug|Any CPU.ActiveCfg = Debug|Any CPU
		{2F4E05E6-B9A8-4A95-A482-43A78B42B74B}.Debug|Any CPU.Build.0 = Debug|Any CPU
		{2F4E05E6-B9A8-4A95-A482-43A78B42B74B}.Debug|Mixed Platforms.ActiveCfg = Debug|Any CPU
		{2F4E05E6-B9A8-4A95-A482-43A78B42B74B}.Debug|Mixed Platforms.Build.0 = Debug|Any CPU
		{2F4E05E6-B9A8-4A95-A482-43A78B42B74B}.Debug|x86.ActiveCfg = Debug|Any CPU
		{2F4E05E6-B9A8-4A95-A482-43A78B42B74B}.Release|Any CPU.ActiveCfg = Release|Any CPU
		{2F4E05E6-B9A8-4A95-A482-43A78B42B74B}.Release|Any CPU.Build.0 = Release|Any CPU
		{2F4E05E6-B9A8-4A95-A482-43A78B42B74B}.Release|Mixed Platforms.ActiveCfg = Release|Any CPU
		{2F4E05E6-B9A8-4A95-A482-43A78B42B74B}.Release|Mixed Platforms.Build.0 = Release|Any CPU
		{2F4E05E6-B9A8-4A95-A482-43A78B42B74B}.Release|x86.ActiveCfg = Release|Any CPU
	EndGlobalSection
	GlobalSection(SolutionProperties) = preSolution
		HideSolutionNode = FALSE
	EndGlobalSection
EndGlobal
